
Microsoft Visual Studio Solution File, Format Version 11.00
# Visual Studio 2010
Project("{2150E333-8FDC-42A3-9474-1A3956D46DE8}") = "Tests", "Tests", "{34B41F94-5227-4533-B102-75A87FF61AE3}"
EndProject
Project("{2150E333-8FDC-42A3-9474-1A3956D46DE8}") = "Libs", "Libs", "{5592DB69-FE64-492B-8C5D-0C0CE7263495}"
	ProjectSection(SolutionItems) = preProject
		Libs\System.Data.SQLite.DLL = Libs\System.Data.SQLite.DLL
		Libs\System.Data.SQLite.X64.DLL = Libs\System.Data.SQLite.X64.DLL
	EndProjectSection
EndProject
Project("{FAE04EC0-301F-11D3-BF4B-00C04F79EFBC}") = "Application", "Application\Application.csproj", "{591BFC07-E7F5-400B-9761-9AF6EF2A3009}"
EndProject
Project("{FAE04EC0-301F-11D3-BF4B-00C04F79EFBC}") = "Tests.Domain", "Tests.Domain\Tests.Domain.csproj", "{94C4D2EB-16A6-40E8-8589-9DEFDEC3DB01}"
EndProject
Project("{FAE04EC0-301F-11D3-BF4B-00C04F79EFBC}") = "Tests.Domain.Persistence.NHibernate", "Tests.Domain.Persistence.NHibernate\Tests.Domain.Persistence.NHibernate.csproj", "{41C3E0F5-528E-4703-B321-C0742224BF25}"
EndProject
Project("{FAE04EC0-301F-11D3-BF4B-00C04F79EFBC}") = "UI.BookingAndTracking", "UI.BookingAndTracking\UI.BookingAndTracking.csproj", "{7F3F2E90-62A8-4592-BCF3-9C46E19F2FA9}"
EndProject
Project("{FAE04EC0-301F-11D3-BF4B-00C04F79EFBC}") = "Tests.Integration", "Tests.Integration\Tests.Integration.csproj", "{EB1EA7DE-711C-4477-89E6-296B6D760D3E}"
EndProject
Project("{2150E333-8FDC-42A3-9474-1A3956D46DE8}") = "External", "External", "{72295450-A84C-409F-AE15-5F3F2762EEB6}"
EndProject
Project("{FAE04EC0-301F-11D3-BF4B-00C04F79EFBC}") = "LeanCommandUnframework", "..\LeanCommandUnframework\LeanCommandUnframework\LeanCommandUnframework.csproj", "{9CF505D0-D7B7-4B5C-BC53-32AE3304462D}"
EndProject
Project("{2150E333-8FDC-42A3-9474-1A3956D46DE8}") = "BusinessLogic", "BusinessLogic", "{B545C067-8F62-477D-9874-C996049E4491}"
EndProject
Project("{2150E333-8FDC-42A3-9474-1A3956D46DE8}") = "Infrastructure", "Infrastructure", "{A5ED258D-DC0A-4779-906F-403CC3A257F3}"
EndProject
Project("{FAE04EC0-301F-11D3-BF4B-00C04F79EFBC}") = "DomainModel.Potential", "DomainModel.Potential\DomainModel.Potential.csproj", "{214472B7-48D1-4B4F-8865-9381B145D5DA}"
EndProject
Project("{FAE04EC0-301F-11D3-BF4B-00C04F79EFBC}") = "DomainModel.Operations", "DomainModel.Operations\DomainModel.Operations.csproj", "{FCF5B41B-70F3-42FB-8352-C37584105289}"
EndProject
Project("{FAE04EC0-301F-11D3-BF4B-00C04F79EFBC}") = "DomainModel.Policy", "DomainModel.Policy\DomainModel.Policy.csproj", "{C54608A2-5EED-41A4-8004-4DF4D9C78CDD}"
EndProject
Project("{FAE04EC0-301F-11D3-BF4B-00C04F79EFBC}") = "DomainModel.DecisionSupport", "DomainModel.DecisionSupport\DomainModel.DecisionSupport.csproj", "{B1A116AB-01B0-4E55-9E6F-5C0C92D732AE}"
EndProject
Project("{FAE04EC0-301F-11D3-BF4B-00C04F79EFBC}") = "DomainModel.Persistence", "DomainModel.Persistence\DomainModel.Persistence.csproj", "{9648B89B-C748-447C-86A1-D125F7053967}"
EndProject
Project("{FAE04EC0-301F-11D3-BF4B-00C04F79EFBC}") = "DomainModel.Infrastructure", "DomainModel.Infrastructure\DomainModel.Infrastructure.csproj", "{1E341BBB-1E25-42E7-89E2-44A5DDD09A71}"
EndProject
Project("{FAE04EC0-301F-11D3-BF4B-00C04F79EFBC}") = "Pathfinder", "Pathfinder\Pathfinder.csproj", "{02B53338-D16B-4051-BA94-503488406CD1}"
EndProject
Global
	GlobalSection(SolutionConfigurationPlatforms) = preSolution
		Debug|Any CPU = Debug|Any CPU
		DebugAsynch|Any CPU = DebugAsynch|Any CPU
		Release|Any CPU = Release|Any CPU
	EndGlobalSection
	GlobalSection(ProjectConfigurationPlatforms) = postSolution
		{591BFC07-E7F5-400B-9761-9AF6EF2A3009}.Debug|Any CPU.ActiveCfg = Debug|Any CPU
		{591BFC07-E7F5-400B-9761-9AF6EF2A3009}.Debug|Any CPU.Build.0 = Debug|Any CPU
		{591BFC07-E7F5-400B-9761-9AF6EF2A3009}.DebugAsynch|Any CPU.ActiveCfg = Debug|Any CPU
		{591BFC07-E7F5-400B-9761-9AF6EF2A3009}.DebugAsynch|Any CPU.Build.0 = Debug|Any CPU
		{591BFC07-E7F5-400B-9761-9AF6EF2A3009}.Release|Any CPU.ActiveCfg = Release|Any CPU
		{591BFC07-E7F5-400B-9761-9AF6EF2A3009}.Release|Any CPU.Build.0 = Release|Any CPU
		{94C4D2EB-16A6-40E8-8589-9DEFDEC3DB01}.Debug|Any CPU.ActiveCfg = Debug|Any CPU
		{94C4D2EB-16A6-40E8-8589-9DEFDEC3DB01}.Debug|Any CPU.Build.0 = Debug|Any CPU
		{94C4D2EB-16A6-40E8-8589-9DEFDEC3DB01}.DebugAsynch|Any CPU.ActiveCfg = Debug|Any CPU
		{94C4D2EB-16A6-40E8-8589-9DEFDEC3DB01}.DebugAsynch|Any CPU.Build.0 = Debug|Any CPU
		{94C4D2EB-16A6-40E8-8589-9DEFDEC3DB01}.Release|Any CPU.ActiveCfg = Release|Any CPU
		{94C4D2EB-16A6-40E8-8589-9DEFDEC3DB01}.Release|Any CPU.Build.0 = Release|Any CPU
		{41C3E0F5-528E-4703-B321-C0742224BF25}.Debug|Any CPU.ActiveCfg = Debug|Any CPU
		{41C3E0F5-528E-4703-B321-C0742224BF25}.Debug|Any CPU.Build.0 = Debug|Any CPU
		{41C3E0F5-528E-4703-B321-C0742224BF25}.DebugAsynch|Any CPU.ActiveCfg = Debug|Any CPU
		{41C3E0F5-528E-4703-B321-C0742224BF25}.DebugAsynch|Any CPU.Build.0 = Debug|Any CPU
		{41C3E0F5-528E-4703-B321-C0742224BF25}.Release|Any CPU.ActiveCfg = Release|Any CPU
		{41C3E0F5-528E-4703-B321-C0742224BF25}.Release|Any CPU.Build.0 = Release|Any CPU
		{7F3F2E90-62A8-4592-BCF3-9C46E19F2FA9}.Debug|Any CPU.ActiveCfg = Debug|Any CPU
		{7F3F2E90-62A8-4592-BCF3-9C46E19F2FA9}.Debug|Any CPU.Build.0 = Debug|Any CPU
		{7F3F2E90-62A8-4592-BCF3-9C46E19F2FA9}.DebugAsynch|Any CPU.ActiveCfg = NHibernateAsynch|Any CPU
		{7F3F2E90-62A8-4592-BCF3-9C46E19F2FA9}.DebugAsynch|Any CPU.Build.0 = NHibernateAsynch|Any CPU
		{7F3F2E90-62A8-4592-BCF3-9C46E19F2FA9}.Release|Any CPU.ActiveCfg = Release|Any CPU
		{7F3F2E90-62A8-4592-BCF3-9C46E19F2FA9}.Release|Any CPU.Build.0 = Release|Any CPU
		{EB1EA7DE-711C-4477-89E6-296B6D760D3E}.Debug|Any CPU.ActiveCfg = Debug|Any CPU
		{EB1EA7DE-711C-4477-89E6-296B6D760D3E}.Debug|Any CPU.Build.0 = Debug|Any CPU
		{EB1EA7DE-711C-4477-89E6-296B6D760D3E}.DebugAsynch|Any CPU.ActiveCfg = Debug|Any CPU
		{EB1EA7DE-711C-4477-89E6-296B6D760D3E}.DebugAsynch|Any CPU.Build.0 = Debug|Any CPU
		{EB1EA7DE-711C-4477-89E6-296B6D760D3E}.Release|Any CPU.ActiveCfg = Release|Any CPU
		{EB1EA7DE-711C-4477-89E6-296B6D760D3E}.Release|Any CPU.Build.0 = Release|Any CPU
		{9CF505D0-D7B7-4B5C-BC53-32AE3304462D}.Debug|Any CPU.ActiveCfg = Debug|Any CPU
		{9CF505D0-D7B7-4B5C-BC53-32AE3304462D}.Debug|Any CPU.Build.0 = Debug|Any CPU
		{9CF505D0-D7B7-4B5C-BC53-32AE3304462D}.DebugAsynch|Any CPU.ActiveCfg = Debug|Any CPU
		{9CF505D0-D7B7-4B5C-BC53-32AE3304462D}.DebugAsynch|Any CPU.Build.0 = Debug|Any CPU
		{9CF505D0-D7B7-4B5C-BC53-32AE3304462D}.Release|Any CPU.ActiveCfg = Release|Any CPU
		{9CF505D0-D7B7-4B5C-BC53-32AE3304462D}.Release|Any CPU.Build.0 = Release|Any CPU
		{214472B7-48D1-4B4F-8865-9381B145D5DA}.Debug|Any CPU.ActiveCfg = Debug|Any CPU
		{214472B7-48D1-4B4F-8865-9381B145D5DA}.Debug|Any CPU.Build.0 = Debug|Any CPU
		{214472B7-48D1-4B4F-8865-9381B145D5DA}.DebugAsynch|Any CPU.ActiveCfg = Debug|Any CPU
		{214472B7-48D1-4B4F-8865-9381B145D5DA}.DebugAsynch|Any CPU.Build.0 = Debug|Any CPU
		{214472B7-48D1-4B4F-8865-9381B145D5DA}.Release|Any CPU.ActiveCfg = Release|Any CPU
		{214472B7-48D1-4B4F-8865-9381B145D5DA}.Release|Any CPU.Build.0 = Release|Any CPU
		{FCF5B41B-70F3-42FB-8352-C37584105289}.Debug|Any CPU.ActiveCfg = Debug|Any CPU
		{FCF5B41B-70F3-42FB-8352-C37584105289}.Debug|Any CPU.Build.0 = Debug|Any CPU
		{FCF5B41B-70F3-42FB-8352-C37584105289}.DebugAsynch|Any CPU.ActiveCfg = Debug|Any CPU
		{FCF5B41B-70F3-42FB-8352-C37584105289}.DebugAsynch|Any CPU.Build.0 = Debug|Any CPU
		{FCF5B41B-70F3-42FB-8352-C37584105289}.Release|Any CPU.ActiveCfg = Release|Any CPU
		{FCF5B41B-70F3-42FB-8352-C37584105289}.Release|Any CPU.Build.0 = Release|Any CPU
		{C54608A2-5EED-41A4-8004-4DF4D9C78CDD}.Debug|Any CPU.ActiveCfg = Debug|Any CPU
		{C54608A2-5EED-41A4-8004-4DF4D9C78CDD}.Debug|Any CPU.Build.0 = Debug|Any CPU
		{C54608A2-5EED-41A4-8004-4DF4D9C78CDD}.DebugAsynch|Any CPU.ActiveCfg = Debug|Any CPU
		{C54608A2-5EED-41A4-8004-4DF4D9C78CDD}.DebugAsynch|Any CPU.Build.0 = Debug|Any CPU
		{C54608A2-5EED-41A4-8004-4DF4D9C78CDD}.Release|Any CPU.ActiveCfg = Release|Any CPU
		{C54608A2-5EED-41A4-8004-4DF4D9C78CDD}.Release|Any CPU.Build.0 = Release|Any CPU
		{B1A116AB-01B0-4E55-9E6F-5C0C92D732AE}.Debug|Any CPU.ActiveCfg = Debug|Any CPU
		{B1A116AB-01B0-4E55-9E6F-5C0C92D732AE}.Debug|Any CPU.Build.0 = Debug|Any CPU
		{B1A116AB-01B0-4E55-9E6F-5C0C92D732AE}.DebugAsynch|Any CPU.ActiveCfg = Debug|Any CPU
		{B1A116AB-01B0-4E55-9E6F-5C0C92D732AE}.DebugAsynch|Any CPU.Build.0 = Debug|Any CPU
		{B1A116AB-01B0-4E55-9E6F-5C0C92D732AE}.Release|Any CPU.ActiveCfg = Release|Any CPU
		{B1A116AB-01B0-4E55-9E6F-5C0C92D732AE}.Release|Any CPU.Build.0 = Release|Any CPU
		{9648B89B-C748-447C-86A1-D125F7053967}.Debug|Any CPU.ActiveCfg = Debug|Any CPU
		{9648B89B-C748-447C-86A1-D125F7053967}.Debug|Any CPU.Build.0 = Debug|Any CPU
		{9648B89B-C748-447C-86A1-D125F7053967}.DebugAsynch|Any CPU.ActiveCfg = Debug|Any CPU
		{9648B89B-C748-447C-86A1-D125F7053967}.DebugAsynch|Any CPU.Build.0 = Debug|Any CPU
		{9648B89B-C748-447C-86A1-D125F7053967}.Release|Any CPU.ActiveCfg = Release|Any CPU
		{9648B89B-C748-447C-86A1-D125F7053967}.Release|Any CPU.Build.0 = Release|Any CPU
		{1E341BBB-1E25-42E7-89E2-44A5DDD09A71}.Debug|Any CPU.ActiveCfg = Debug|Any CPU
		{1E341BBB-1E25-42E7-89E2-44A5DDD09A71}.Debug|Any CPU.Build.0 = Debug|Any CPU
		{1E341BBB-1E25-42E7-89E2-44A5DDD09A71}.DebugAsynch|Any CPU.ActiveCfg = Debug|Any CPU
		{1E341BBB-1E25-42E7-89E2-44A5DDD09A71}.DebugAsynch|Any CPU.Build.0 = Debug|Any CPU
		{1E341BBB-1E25-42E7-89E2-44A5DDD09A71}.Release|Any CPU.ActiveCfg = Release|Any CPU
		{1E341BBB-1E25-42E7-89E2-44A5DDD09A71}.Release|Any CPU.Build.0 = Release|Any CPU
		{02B53338-D16B-4051-BA94-503488406CD1}.Debug|Any CPU.ActiveCfg = Debug|Any CPU
		{02B53338-D16B-4051-BA94-503488406CD1}.Debug|Any CPU.Build.0 = Debug|Any CPU
		{02B53338-D16B-4051-BA94-503488406CD1}.DebugAsynch|Any CPU.ActiveCfg = Debug|Any CPU
		{02B53338-D16B-4051-BA94-503488406CD1}.DebugAsynch|Any CPU.Build.0 = Debug|Any CPU
		{02B53338-D16B-4051-BA94-503488406CD1}.Release|Any CPU.ActiveCfg = Release|Any CPU
		{02B53338-D16B-4051-BA94-503488406CD1}.Release|Any CPU.Build.0 = Release|Any CPU
	EndGlobalSection
	GlobalSection(SolutionProperties) = preSolution
		HideSolutionNode = FALSE
	EndGlobalSection
	GlobalSection(NestedProjects) = preSolution
		{94C4D2EB-16A6-40E8-8589-9DEFDEC3DB01} = {34B41F94-5227-4533-B102-75A87FF61AE3}
		{41C3E0F5-528E-4703-B321-C0742224BF25} = {34B41F94-5227-4533-B102-75A87FF61AE3}
		{EB1EA7DE-711C-4477-89E6-296B6D760D3E} = {34B41F94-5227-4533-B102-75A87FF61AE3}
		{9CF505D0-D7B7-4B5C-BC53-32AE3304462D} = {72295450-A84C-409F-AE15-5F3F2762EEB6}
		{214472B7-48D1-4B4F-8865-9381B145D5DA} = {B545C067-8F62-477D-9874-C996049E4491}
		{FCF5B41B-70F3-42FB-8352-C37584105289} = {B545C067-8F62-477D-9874-C996049E4491}
		{C54608A2-5EED-41A4-8004-4DF4D9C78CDD} = {B545C067-8F62-477D-9874-C996049E4491}
		{B1A116AB-01B0-4E55-9E6F-5C0C92D732AE} = {B545C067-8F62-477D-9874-C996049E4491}
		{9648B89B-C748-447C-86A1-D125F7053967} = {A5ED258D-DC0A-4779-906F-403CC3A257F3}
		{1E341BBB-1E25-42E7-89E2-44A5DDD09A71} = {A5ED258D-DC0A-4779-906F-403CC3A257F3}
		{02B53338-D16B-4051-BA94-503488406CD1} = {A5ED258D-DC0A-4779-906F-403CC3A257F3}
	EndGlobalSection
EndGlobal
